
Microsoft Visual Studio Solution File, Format Version 11.00
# Visual Studio 2010
Project("{2150E333-8FDC-42A3-9474-1A3956D46DE8}") = "Solution Items", "Solution Items", "{65F288EB-6092-4EC3-983B-C741C427A00F}"
	ProjectSection(SolutionItems) = preProject
		Solution Items\Cog.ico = Solution Items\Cog.ico
		Solution Items\CustomDictionary.xml = Solution Items\CustomDictionary.xml
		Solution Items\IconsReadMe.txt = Solution Items\IconsReadMe.txt
		Solution Items\License.rtf = Solution Items\License.rtf
		..\Neovolve.snk = ..\Neovolve.snk
		Neovolve.Toolkit.LoadTest.testsettings = Neovolve.Toolkit.LoadTest.testsettings
		Solution Items\Neovolve.Toolkit.shfbproj = Solution Items\Neovolve.Toolkit.shfbproj
		Neovolve.Toolkit.testsettings = Neovolve.Toolkit.testsettings
		Neovolve.Toolkit.vsmdi = Neovolve.Toolkit.vsmdi
		Settings.StyleCop = Settings.StyleCop
		Solution Items\UnitTest.ruleset = Solution Items\UnitTest.ruleset
	EndProjectSection
EndProject
Project("{2150E333-8FDC-42A3-9474-1A3956D46DE8}") = "References", "References", "{F1FFA788-C95D-4C12-8724-A8DAA26BFA9B}"
EndProject
Project("{2150E333-8FDC-42A3-9474-1A3956D46DE8}") = "Rhino", "Rhino", "{578CAC5A-6EFC-453C-9370-E183BF4192BE}"
	ProjectSection(SolutionItems) = preProject
		References\Rhino\Rhino.Mocks.xml = References\Rhino\Rhino.Mocks.xml
	EndProjectSection
EndProject
Project("{2150E333-8FDC-42A3-9474-1A3956D46DE8}") = "Application", "Application", "{886D7E84-4ADC-4DD4-A901-917579208E66}"
EndProject
Project("{2150E333-8FDC-42A3-9474-1A3956D46DE8}") = "Unit Tests", "Unit Tests", "{6D46D0CC-ADF5-4362-A232-21D14A1E19CA}"
EndProject
Project("{2150E333-8FDC-42A3-9474-1A3956D46DE8}") = "Integration Tests", "Integration Tests", "{0B5D1F6C-5E5B-46B4-81D0-8D3478310D05}"
EndProject
Project("{2150E333-8FDC-42A3-9474-1A3956D46DE8}") = "Test Harnesses", "Test Harnesses", "{C9C0914A-3D91-46D9-BF6E-AB3DDF4B80E8}"
EndProject
Project("{2150E333-8FDC-42A3-9474-1A3956D46DE8}") = "Load Tests", "Load Tests", "{313B6593-1886-4CEF-A737-7D39AD043ACB}"
EndProject
Project("{2150E333-8FDC-42A3-9474-1A3956D46DE8}") = "Microsoft", "Microsoft", "{A67FE59C-4C8B-46F2-8A2C-E013C002626E}"
EndProject
Project("{2150E333-8FDC-42A3-9474-1A3956D46DE8}") = "Practices", "Practices", "{C804BEB5-0958-4C45-83BA-14396BF216F9}"
	ProjectSection(SolutionItems) = preProject
		References\Microsoft\Practices\Microsoft.Practices.ServiceLocation.dll = References\Microsoft\Practices\Microsoft.Practices.ServiceLocation.dll
		References\Microsoft\Practices\Microsoft.Practices.Unity.Configuration.dll = References\Microsoft\Practices\Microsoft.Practices.Unity.Configuration.dll
		References\Microsoft\Practices\Microsoft.Practices.Unity.Configuration.xml = References\Microsoft\Practices\Microsoft.Practices.Unity.Configuration.xml
		References\Microsoft\Practices\Microsoft.Practices.Unity.dll = References\Microsoft\Practices\Microsoft.Practices.Unity.dll
		References\Microsoft\Practices\Microsoft.Practices.Unity.xml = References\Microsoft\Practices\Microsoft.Practices.Unity.xml
	EndProjectSection
EndProject
Project("{FAE04EC0-301F-11D3-BF4B-00C04F79EFBC}") = "Neovolve.Toolkit", "Neovolve.Toolkit\Neovolve.Toolkit.csproj", "{553DFBC1-5C1F-41F7-B5A5-E621037D65AA}"
EndProject
Project("{FAE04EC0-301F-11D3-BF4B-00C04F79EFBC}") = "Neovolve.Toolkit.UnitTests", "Neovolve.Toolkit.UnitTests\Neovolve.Toolkit.UnitTests.csproj", "{518D9BBD-FA5A-4DFE-8B59-08B52B51A534}"
EndProject
Project("{FAE04EC0-301F-11D3-BF4B-00C04F79EFBC}") = "Neovolve.Toolkit.LoadTests", "Neovolve.Toolkit.LoadTests\Neovolve.Toolkit.LoadTests.csproj", "{CC92798E-9B8A-457C-A24D-531478665865}"
EndProject
Project("{FAE04EC0-301F-11D3-BF4B-00C04F79EFBC}") = "Neovolve.Toolkit.TestHarness", "Neovolve.Toolkit.TestHarness\Neovolve.Toolkit.TestHarness.csproj", "{F854FBD7-7727-4E29-B484-E8559F1C4702}"
EndProject
Project("{FAE04EC0-301F-11D3-BF4B-00C04F79EFBC}") = "Neovolve.Toolkit.IntegrationTests", "Neovolve.Toolkit.IntegrationTests\Neovolve.Toolkit.IntegrationTests.csproj", "{5E2DF19E-8619-4BAB-A5A0-41D014B4BAE3}"
EndProject
Project("{FAE04EC0-301F-11D3-BF4B-00C04F79EFBC}") = "Neovolve.Toolkit.Unity", "Neovolve.Toolkit.Unity\Neovolve.Toolkit.Unity.csproj", "{E2CC745B-9BA8-4F15-98B1-0D0CCC462152}"
EndProject
Project("{FAE04EC0-301F-11D3-BF4B-00C04F79EFBC}") = "Neovolve.Toolkit.Unity.UnitTests", "Neovolve.Toolkit.Unity.UnitTests\Neovolve.Toolkit.Unity.UnitTests.csproj", "{0A502C74-3CBE-459B-B68B-5128C105DA2E}"
EndProject
Project("{FAE04EC0-301F-11D3-BF4B-00C04F79EFBC}") = "Neovolve.Toolkit.Unity.IntegrationTests", "Neovolve.Toolkit.Unity.IntegrationTests\Neovolve.Toolkit.Unity.IntegrationTests.csproj", "{92F3649E-AF62-4EA8-A207-91A9B8A1182C}"
EndProject
Project("{FAE04EC0-301F-11D3-BF4B-00C04F79EFBC}") = "Neovolve.Toolkit.Unity.LoadTests", "Neovolve.Toolkit.Unity.LoadTests\Neovolve.Toolkit.Unity.LoadTests.csproj", "{20DB6AC1-9E2A-4C1D-96A4-15C513F83403}"
EndProject
Project("{FAE04EC0-301F-11D3-BF4B-00C04F79EFBC}") = "Neovolve.Toolkit.Workflow", "Neovolve.Toolkit.Workflow\Neovolve.Toolkit.Workflow.csproj", "{A92F42C7-8B80-4BFE-B68C-588EA91F5A63}"
EndProject
Project("{FAE04EC0-301F-11D3-BF4B-00C04F79EFBC}") = "Neovolve.Toolkit.Workflow.UnitTests", "Neovolve.Toolkit.Workflow.UnitTests\Neovolve.Toolkit.Workflow.UnitTests.csproj", "{670A5AC4-BE11-41B5-B991-A4AD52691086}"
EndProject
Project("{2150E333-8FDC-42A3-9474-1A3956D46DE8}") = "Workflow Test Helper", "Workflow Test Helper", "{B5AD0307-C8B5-4F53-8483-E6E03C97A5F8}"
	ProjectSection(SolutionItems) = preProject
		References\Microsoft\Workflow Test Helper\WorkflowTestHelper.Design.dll = References\Microsoft\Workflow Test Helper\WorkflowTestHelper.Design.dll
		References\Microsoft\Workflow Test Helper\WorkflowTestHelper.Design.pdb = References\Microsoft\Workflow Test Helper\WorkflowTestHelper.Design.pdb
		References\Microsoft\Workflow Test Helper\WorkflowTestHelper.dll = References\Microsoft\Workflow Test Helper\WorkflowTestHelper.dll
		References\Microsoft\Workflow Test Helper\WorkflowTestHelper.pdb = References\Microsoft\Workflow Test Helper\WorkflowTestHelper.pdb
	EndProjectSection
EndProject
Project("{FAE04EC0-301F-11D3-BF4B-00C04F79EFBC}") = "Neovolve.Toolkit.Workflow.LoadTests", "Neovolve.Toolkit.Workflow.LoadTests\Neovolve.Toolkit.Workflow.LoadTests.csproj", "{A3456D8D-49CA-4CEE-A212-22A0C9407A48}"
EndProject
Project("{FAE04EC0-301F-11D3-BF4B-00C04F79EFBC}") = "Neovolve.Toolkit.Workflow.Design", "Neovolve.Toolkit.Workflow.Design\Neovolve.Toolkit.Workflow.Design.csproj", "{9BBCA9F3-B715-451D-9D69-BA3C263CC7BF}"
EndProject
Project("{FAE04EC0-301F-11D3-BF4B-00C04F79EFBC}") = "Neovolve.Toolkit.Workflow.IntegrationTests", "Neovolve.Toolkit.Workflow.IntegrationTests\Neovolve.Toolkit.Workflow.IntegrationTests.csproj", "{6CFF1E92-4854-432C-B6EE-F27915F9A0CE}"
EndProject
Project("{FAE04EC0-301F-11D3-BF4B-00C04F79EFBC}") = "Neovolve.Toolkit.Server", "Neovolve.Toolkit.Server\Neovolve.Toolkit.Server.csproj", "{9FAA6EB5-1E52-4CE0-88AD-19481A7A8539}"
EndProject
Project("{FAE04EC0-301F-11D3-BF4B-00C04F79EFBC}") = "Neovolve.Toolkit.Server.UnitTests", "Neovolve.Toolkit.Server.UnitTests\Neovolve.Toolkit.Server.UnitTests.csproj", "{5099238D-837C-46E4-A0C8-87ED95374BD3}"
EndProject
Project("{FAE04EC0-301F-11D3-BF4B-00C04F79EFBC}") = "Neovolve.Toolkit.Server.Unity.MvcWebIntegrationTests", "Neovolve.Toolkit.Server.Unity.MvcWebIntegrationTests\Neovolve.Toolkit.Server.Unity.MvcWebIntegrationTests.csproj", "{977ED884-AA39-4B77-AF87-19366C10159B}"
EndProject
Project("{FAE04EC0-301F-11D3-BF4B-00C04F79EFBC}") = "Neovolve.Toolkit.Server.Unity.WebIntegrationTests", "Neovolve.Toolkit.Server.Unity.WebIntegrationTests\Neovolve.Toolkit.Server.Unity.WebIntegrationTests.csproj", "{F25E4FDF-B387-411E-9799-F1435282F9F6}"
EndProject
Project("{2150E333-8FDC-42A3-9474-1A3956D46DE8}") = "Deployment", "Deployment", "{8E94EC7A-1FB0-4655-9128-805E2D24C568}"
EndProject
Project("{930C7802-8A8C-48F9-8165-68863BCCD9DD}") = "Neovolve.Toolkit.Deployment", "Neovolve.Toolkit.Deployment\Neovolve.Toolkit.Deployment.wixproj", "{BDFE54C5-EE45-48AB-B99C-0C6189481D99}"
EndProject
Project("{2150E333-8FDC-42A3-9474-1A3956D46DE8}") = "Neovolve", "Neovolve", "{AD7BEDCB-9E94-41AA-A58E-42568EC0B8C4}"
EndProject
Project("{2150E333-8FDC-42A3-9474-1A3956D46DE8}") = "BuildTaskExecutor", "BuildTaskExecutor", "{48877D90-50DA-4433-B377-BF449D14AE54}"
	ProjectSection(SolutionItems) = preProject
		bte.bat = bte.bat
		References\Neovolve\BuildTaskExecutor\BuildTaskExecutor.exe = References\Neovolve\BuildTaskExecutor\BuildTaskExecutor.exe
	EndProjectSection
EndProject
Project("{FAE04EC0-301F-11D3-BF4B-00C04F79EFBC}") = "Neovolve.Toolkit.Package", "Neovolve.Toolkit.Package\Neovolve.Toolkit.Package.csproj", "{48674699-4914-4659-9FA6-FE3CDABDC64C}"
EndProject
Global
	GlobalSection(TeamFoundationVersionControl) = preSolution
		SccNumberOfProjects = 21
		SccEnterpriseProvider = {4CA58AB2-18FA-4F8D-95D4-32DDF27D184C}
		SccTeamFoundationServer = https://tfs.codeplex.com/tfs/tfs04
		SccLocalPath0 = .
		SccProjectUniqueName1 = Neovolve.Toolkit\\Neovolve.Toolkit.csproj
		SccProjectTopLevelParentUniqueName1 = Neovolve.Toolkit.sln
		SccProjectName1 = Neovolve.Toolkit
		SccLocalPath1 = Neovolve.Toolkit
		SccProjectUniqueName2 = Neovolve.Toolkit.UnitTests\\Neovolve.Toolkit.UnitTests.csproj
		SccProjectTopLevelParentUniqueName2 = Neovolve.Toolkit.sln
		SccProjectName2 = Neovolve.Toolkit.UnitTests
		SccLocalPath2 = Neovolve.Toolkit.UnitTests
		SccProjectUniqueName3 = Neovolve.Toolkit.LoadTests\\Neovolve.Toolkit.LoadTests.csproj
		SccProjectTopLevelParentUniqueName3 = Neovolve.Toolkit.sln
		SccProjectName3 = Neovolve.Toolkit.LoadTests
		SccLocalPath3 = Neovolve.Toolkit.LoadTests
		SccProjectUniqueName4 = Neovolve.Toolkit.TestHarness\\Neovolve.Toolkit.TestHarness.csproj
		SccProjectTopLevelParentUniqueName4 = Neovolve.Toolkit.sln
		SccProjectName4 = Neovolve.Toolkit.TestHarness
		SccLocalPath4 = Neovolve.Toolkit.TestHarness
		SccProjectUniqueName5 = Neovolve.Toolkit.IntegrationTests\\Neovolve.Toolkit.IntegrationTests.csproj
		SccProjectTopLevelParentUniqueName5 = Neovolve.Toolkit.sln
		SccProjectName5 = Neovolve.Toolkit.IntegrationTests
		SccLocalPath5 = Neovolve.Toolkit.IntegrationTests
		SccProjectUniqueName6 = Neovolve.Toolkit.Unity\\Neovolve.Toolkit.Unity.csproj
		SccProjectTopLevelParentUniqueName6 = Neovolve.Toolkit.sln
		SccProjectName6 = Neovolve.Toolkit.Unity
		SccLocalPath6 = Neovolve.Toolkit.Unity
		SccProjectUniqueName7 = Neovolve.Toolkit.Unity.UnitTests\\Neovolve.Toolkit.Unity.UnitTests.csproj
		SccProjectTopLevelParentUniqueName7 = Neovolve.Toolkit.sln
		SccProjectName7 = Neovolve.Toolkit.Unity.UnitTests
		SccLocalPath7 = Neovolve.Toolkit.Unity.UnitTests
		SccProjectUniqueName8 = Neovolve.Toolkit.Unity.IntegrationTests\\Neovolve.Toolkit.Unity.IntegrationTests.csproj
		SccProjectTopLevelParentUniqueName8 = Neovolve.Toolkit.sln
		SccProjectName8 = Neovolve.Toolkit.Unity.IntegrationTests
		SccLocalPath8 = Neovolve.Toolkit.Unity.IntegrationTests
		SccProjectUniqueName9 = Neovolve.Toolkit.Unity.LoadTests\\Neovolve.Toolkit.Unity.LoadTests.csproj
		SccProjectTopLevelParentUniqueName9 = Neovolve.Toolkit.sln
		SccProjectName9 = Neovolve.Toolkit.Unity.LoadTests
		SccLocalPath9 = Neovolve.Toolkit.Unity.LoadTests
		SccProjectUniqueName10 = Neovolve.Toolkit.Workflow\\Neovolve.Toolkit.Workflow.csproj
		SccProjectTopLevelParentUniqueName10 = Neovolve.Toolkit.sln
		SccProjectName10 = Neovolve.Toolkit.Workflow
		SccLocalPath10 = Neovolve.Toolkit.Workflow
		SccProjectUniqueName11 = Neovolve.Toolkit.Workflow.UnitTests\\Neovolve.Toolkit.Workflow.UnitTests.csproj
		SccProjectTopLevelParentUniqueName11 = Neovolve.Toolkit.sln
		SccProjectName11 = Neovolve.Toolkit.Workflow.UnitTests
		SccLocalPath11 = Neovolve.Toolkit.Workflow.UnitTests
		SccProjectUniqueName12 = Neovolve.Toolkit.Workflow.LoadTests\\Neovolve.Toolkit.Workflow.LoadTests.csproj
		SccProjectTopLevelParentUniqueName12 = Neovolve.Toolkit.sln
		SccProjectName12 = Neovolve.Toolkit.Workflow.LoadTests
		SccLocalPath12 = Neovolve.Toolkit.Workflow.LoadTests
		SccProjectUniqueName13 = Neovolve.Toolkit.Workflow.Design\\Neovolve.Toolkit.Workflow.Design.csproj
		SccProjectTopLevelParentUniqueName13 = Neovolve.Toolkit.sln
		SccProjectName13 = Neovolve.Toolkit.Workflow.Design
		SccLocalPath13 = Neovolve.Toolkit.Workflow.Design
		SccProjectUniqueName14 = Neovolve.Toolkit.Workflow.IntegrationTests\\Neovolve.Toolkit.Workflow.IntegrationTests.csproj
		SccProjectTopLevelParentUniqueName14 = Neovolve.Toolkit.sln
		SccProjectName14 = Neovolve.Toolkit.Workflow.IntegrationTests
		SccLocalPath14 = Neovolve.Toolkit.Workflow.IntegrationTests
		SccProjectUniqueName15 = Neovolve.Toolkit.Server\\Neovolve.Toolkit.Server.csproj
		SccProjectTopLevelParentUniqueName15 = Neovolve.Toolkit.sln
		SccProjectName15 = Neovolve.Toolkit.Server
		SccLocalPath15 = Neovolve.Toolkit.Server
		SccProjectUniqueName16 = Neovolve.Toolkit.Server.UnitTests\\Neovolve.Toolkit.Server.UnitTests.csproj
		SccProjectTopLevelParentUniqueName16 = Neovolve.Toolkit.sln
		SccProjectName16 = Neovolve.Toolkit.Server.UnitTests
		SccLocalPath16 = Neovolve.Toolkit.Server.UnitTests
		SccProjectUniqueName17 = Neovolve.Toolkit.Server.Unity.MvcWebIntegrationTests\\Neovolve.Toolkit.Server.Unity.MvcWebIntegrationTests.csproj
		SccProjectTopLevelParentUniqueName17 = Neovolve.Toolkit.sln
		SccProjectName17 = Neovolve.Toolkit.Server.Unity.MvcWebIntegrationTests
		SccLocalPath17 = Neovolve.Toolkit.Server.Unity.MvcWebIntegrationTests
		SccProjectUniqueName18 = Neovolve.Toolkit.Server.Unity.WebIntegrationTests\\Neovolve.Toolkit.Server.Unity.WebIntegrationTests.csproj
		SccProjectTopLevelParentUniqueName18 = Neovolve.Toolkit.sln
		SccProjectName18 = Neovolve.Toolkit.Server.Unity.WebIntegrationTests
		SccLocalPath18 = Neovolve.Toolkit.Server.Unity.WebIntegrationTests
		SccProjectUniqueName19 = Neovolve.Toolkit.Deployment\\Neovolve.Toolkit.Deployment.wixproj
		SccProjectTopLevelParentUniqueName19 = Neovolve.Toolkit.sln
		SccProjectName19 = Neovolve.Toolkit.Deployment
		SccLocalPath19 = Neovolve.Toolkit.Deployment
		SccProjectUniqueName20 = Neovolve.Toolkit.Package\\Neovolve.Toolkit.Package.csproj
		SccProjectTopLevelParentUniqueName20 = Neovolve.Toolkit.sln
		SccProjectName20 = Neovolve.Toolkit.Package
		SccLocalPath20 = Neovolve.Toolkit.Package
	EndGlobalSection
	GlobalSection(TestCaseManagementSettings) = postSolution
		CategoryFile = Neovolve.Toolkit.vsmdi
	EndGlobalSection
	GlobalSection(SolutionConfigurationPlatforms) = preSolution
		Debug|Any CPU = Debug|Any CPU
		Debug|Mixed Platforms = Debug|Mixed Platforms
		Debug|x86 = Debug|x86
		Deploy|Any CPU = Deploy|Any CPU
		Deploy|Mixed Platforms = Deploy|Mixed Platforms
		Deploy|x86 = Deploy|x86
		Release|Any CPU = Release|Any CPU
		Release|Mixed Platforms = Release|Mixed Platforms
		Release|x86 = Release|x86
	EndGlobalSection
	GlobalSection(ProjectConfigurationPlatforms) = postSolution
		{553DFBC1-5C1F-41F7-B5A5-E621037D65AA}.Debug|Any CPU.ActiveCfg = Debug|Any CPU
		{553DFBC1-5C1F-41F7-B5A5-E621037D65AA}.Debug|Any CPU.Build.0 = Debug|Any CPU
		{553DFBC1-5C1F-41F7-B5A5-E621037D65AA}.Debug|Mixed Platforms.ActiveCfg = Debug|Any CPU
		{553DFBC1-5C1F-41F7-B5A5-E621037D65AA}.Debug|Mixed Platforms.Build.0 = Debug|Any CPU
		{553DFBC1-5C1F-41F7-B5A5-E621037D65AA}.Debug|x86.ActiveCfg = Debug|Any CPU
		{553DFBC1-5C1F-41F7-B5A5-E621037D65AA}.Deploy|Any CPU.ActiveCfg = Deploy|Any CPU
		{553DFBC1-5C1F-41F7-B5A5-E621037D65AA}.Deploy|Any CPU.Build.0 = Deploy|Any CPU
		{553DFBC1-5C1F-41F7-B5A5-E621037D65AA}.Deploy|Mixed Platforms.ActiveCfg = Deploy|Any CPU
		{553DFBC1-5C1F-41F7-B5A5-E621037D65AA}.Deploy|Mixed Platforms.Build.0 = Deploy|Any CPU
		{553DFBC1-5C1F-41F7-B5A5-E621037D65AA}.Deploy|x86.ActiveCfg = Deploy|Any CPU
		{553DFBC1-5C1F-41F7-B5A5-E621037D65AA}.Release|Any CPU.ActiveCfg = Release|Any CPU
		{553DFBC1-5C1F-41F7-B5A5-E621037D65AA}.Release|Any CPU.Build.0 = Release|Any CPU
		{553DFBC1-5C1F-41F7-B5A5-E621037D65AA}.Release|Mixed Platforms.ActiveCfg = Release|Any CPU
		{553DFBC1-5C1F-41F7-B5A5-E621037D65AA}.Release|Mixed Platforms.Build.0 = Release|Any CPU
		{553DFBC1-5C1F-41F7-B5A5-E621037D65AA}.Release|x86.ActiveCfg = Release|Any CPU
		{518D9BBD-FA5A-4DFE-8B59-08B52B51A534}.Debug|Any CPU.ActiveCfg = Debug|Any CPU
		{518D9BBD-FA5A-4DFE-8B59-08B52B51A534}.Debug|Any CPU.Build.0 = Debug|Any CPU
		{518D9BBD-FA5A-4DFE-8B59-08B52B51A534}.Debug|Mixed Platforms.ActiveCfg = Debug|Any CPU
		{518D9BBD-FA5A-4DFE-8B59-08B52B51A534}.Debug|Mixed Platforms.Build.0 = Debug|Any CPU
		{518D9BBD-FA5A-4DFE-8B59-08B52B51A534}.Debug|x86.ActiveCfg = Debug|Any CPU
		{518D9BBD-FA5A-4DFE-8B59-08B52B51A534}.Deploy|Any CPU.ActiveCfg = Deploy|Any CPU
		{518D9BBD-FA5A-4DFE-8B59-08B52B51A534}.Deploy|Mixed Platforms.ActiveCfg = Deploy|Any CPU
		{518D9BBD-FA5A-4DFE-8B59-08B52B51A534}.Deploy|Mixed Platforms.Build.0 = Deploy|Any CPU
		{518D9BBD-FA5A-4DFE-8B59-08B52B51A534}.Deploy|x86.ActiveCfg = Deploy|Any CPU
		{518D9BBD-FA5A-4DFE-8B59-08B52B51A534}.Release|Any CPU.ActiveCfg = Release|Any CPU
		{518D9BBD-FA5A-4DFE-8B59-08B52B51A534}.Release|Any CPU.Build.0 = Release|Any CPU
		{518D9BBD-FA5A-4DFE-8B59-08B52B51A534}.Release|Mixed Platforms.ActiveCfg = Release|Any CPU
		{518D9BBD-FA5A-4DFE-8B59-08B52B51A534}.Release|Mixed Platforms.Build.0 = Release|Any CPU
		{518D9BBD-FA5A-4DFE-8B59-08B52B51A534}.Release|x86.ActiveCfg = Release|Any CPU
		{CC92798E-9B8A-457C-A24D-531478665865}.Debug|Any CPU.ActiveCfg = Debug|Any CPU
		{CC92798E-9B8A-457C-A24D-531478665865}.Debug|Any CPU.Build.0 = Debug|Any CPU
		{CC92798E-9B8A-457C-A24D-531478665865}.Debug|Mixed Platforms.ActiveCfg = Debug|Any CPU
		{CC92798E-9B8A-457C-A24D-531478665865}.Debug|Mixed Platforms.Build.0 = Debug|Any CPU
		{CC92798E-9B8A-457C-A24D-531478665865}.Debug|x86.ActiveCfg = Debug|Any CPU
		{CC92798E-9B8A-457C-A24D-531478665865}.Deploy|Any CPU.ActiveCfg = Deploy|Any CPU
		{CC92798E-9B8A-457C-A24D-531478665865}.Deploy|Mixed Platforms.ActiveCfg = Deploy|Any CPU
		{CC92798E-9B8A-457C-A24D-531478665865}.Deploy|Mixed Platforms.Build.0 = Deploy|Any CPU
		{CC92798E-9B8A-457C-A24D-531478665865}.Deploy|x86.ActiveCfg = Deploy|Any CPU
		{CC92798E-9B8A-457C-A24D-531478665865}.Release|Any CPU.ActiveCfg = Release|Any CPU
		{CC92798E-9B8A-457C-A24D-531478665865}.Release|Any CPU.Build.0 = Release|Any CPU
		{CC92798E-9B8A-457C-A24D-531478665865}.Release|Mixed Platforms.ActiveCfg = Release|Any CPU
		{CC92798E-9B8A-457C-A24D-531478665865}.Release|Mixed Platforms.Build.0 = Release|Any CPU
		{CC92798E-9B8A-457C-A24D-531478665865}.Release|x86.ActiveCfg = Release|Any CPU
		{F854FBD7-7727-4E29-B484-E8559F1C4702}.Debug|Any CPU.ActiveCfg = Debug|Any CPU
		{F854FBD7-7727-4E29-B484-E8559F1C4702}.Debug|Any CPU.Build.0 = Debug|Any CPU
		{F854FBD7-7727-4E29-B484-E8559F1C4702}.Debug|Mixed Platforms.ActiveCfg = Debug|Any CPU
		{F854FBD7-7727-4E29-B484-E8559F1C4702}.Debug|Mixed Platforms.Build.0 = Debug|Any CPU
		{F854FBD7-7727-4E29-B484-E8559F1C4702}.Debug|x86.ActiveCfg = Debug|Any CPU
		{F854FBD7-7727-4E29-B484-E8559F1C4702}.Deploy|Any CPU.ActiveCfg = Deploy|Any CPU
		{F854FBD7-7727-4E29-B484-E8559F1C4702}.Deploy|Mixed Platforms.ActiveCfg = Deploy|Any CPU
		{F854FBD7-7727-4E29-B484-E8559F1C4702}.Deploy|Mixed Platforms.Build.0 = Deploy|Any CPU
		{F854FBD7-7727-4E29-B484-E8559F1C4702}.Deploy|x86.ActiveCfg = Deploy|Any CPU
		{F854FBD7-7727-4E29-B484-E8559F1C4702}.Release|Any CPU.ActiveCfg = Release|Any CPU
		{F854FBD7-7727-4E29-B484-E8559F1C4702}.Release|Any CPU.Build.0 = Release|Any CPU
		{F854FBD7-7727-4E29-B484-E8559F1C4702}.Release|Mixed Platforms.ActiveCfg = Release|Any CPU
		{F854FBD7-7727-4E29-B484-E8559F1C4702}.Release|Mixed Platforms.Build.0 = Release|Any CPU
		{F854FBD7-7727-4E29-B484-E8559F1C4702}.Release|x86.ActiveCfg = Release|Any CPU
		{5E2DF19E-8619-4BAB-A5A0-41D014B4BAE3}.Debug|Any CPU.ActiveCfg = Debug|Any CPU
		{5E2DF19E-8619-4BAB-A5A0-41D014B4BAE3}.Debug|Any CPU.Build.0 = Debug|Any CPU
		{5E2DF19E-8619-4BAB-A5A0-41D014B4BAE3}.Debug|Mixed Platforms.ActiveCfg = Debug|Any CPU
		{5E2DF19E-8619-4BAB-A5A0-41D014B4BAE3}.Debug|Mixed Platforms.Build.0 = Debug|Any CPU
		{5E2DF19E-8619-4BAB-A5A0-41D014B4BAE3}.Debug|x86.ActiveCfg = Debug|Any CPU
		{5E2DF19E-8619-4BAB-A5A0-41D014B4BAE3}.Deploy|Any CPU.ActiveCfg = Deploy|Any CPU
		{5E2DF19E-8619-4BAB-A5A0-41D014B4BAE3}.Deploy|Mixed Platforms.ActiveCfg = Deploy|Any CPU
		{5E2DF19E-8619-4BAB-A5A0-41D014B4BAE3}.Deploy|Mixed Platforms.Build.0 = Deploy|Any CPU
		{5E2DF19E-8619-4BAB-A5A0-41D014B4BAE3}.Deploy|x86.ActiveCfg = Deploy|Any CPU
		{5E2DF19E-8619-4BAB-A5A0-41D014B4BAE3}.Release|Any CPU.ActiveCfg = Release|Any CPU
		{5E2DF19E-8619-4BAB-A5A0-41D014B4BAE3}.Release|Any CPU.Build.0 = Release|Any CPU
		{5E2DF19E-8619-4BAB-A5A0-41D014B4BAE3}.Release|Mixed Platforms.ActiveCfg = Release|Any CPU
		{5E2DF19E-8619-4BAB-A5A0-41D014B4BAE3}.Release|Mixed Platforms.Build.0 = Release|Any CPU
		{5E2DF19E-8619-4BAB-A5A0-41D014B4BAE3}.Release|x86.ActiveCfg = Release|Any CPU
		{E2CC745B-9BA8-4F15-98B1-0D0CCC462152}.Debug|Any CPU.ActiveCfg = Debug|Any CPU
		{E2CC745B-9BA8-4F15-98B1-0D0CCC462152}.Debug|Any CPU.Build.0 = Debug|Any CPU
		{E2CC745B-9BA8-4F15-98B1-0D0CCC462152}.Debug|Mixed Platforms.ActiveCfg = Debug|Any CPU
		{E2CC745B-9BA8-4F15-98B1-0D0CCC462152}.Debug|Mixed Platforms.Build.0 = Debug|Any CPU
		{E2CC745B-9BA8-4F15-98B1-0D0CCC462152}.Debug|x86.ActiveCfg = Debug|Any CPU
		{E2CC745B-9BA8-4F15-98B1-0D0CCC462152}.Deploy|Any CPU.ActiveCfg = Deploy|Any CPU
		{E2CC745B-9BA8-4F15-98B1-0D0CCC462152}.Deploy|Any CPU.Build.0 = Deploy|Any CPU
		{E2CC745B-9BA8-4F15-98B1-0D0CCC462152}.Deploy|Mixed Platforms.ActiveCfg = Deploy|Any CPU
		{E2CC745B-9BA8-4F15-98B1-0D0CCC462152}.Deploy|Mixed Platforms.Build.0 = Deploy|Any CPU
		{E2CC745B-9BA8-4F15-98B1-0D0CCC462152}.Deploy|x86.ActiveCfg = Deploy|Any CPU
		{E2CC745B-9BA8-4F15-98B1-0D0CCC462152}.Release|Any CPU.ActiveCfg = Release|Any CPU
		{E2CC745B-9BA8-4F15-98B1-0D0CCC462152}.Release|Any CPU.Build.0 = Release|Any CPU
		{E2CC745B-9BA8-4F15-98B1-0D0CCC462152}.Release|Mixed Platforms.ActiveCfg = Release|Any CPU
		{E2CC745B-9BA8-4F15-98B1-0D0CCC462152}.Release|Mixed Platforms.Build.0 = Release|Any CPU
		{E2CC745B-9BA8-4F15-98B1-0D0CCC462152}.Release|x86.ActiveCfg = Release|Any CPU
		{0A502C74-3CBE-459B-B68B-5128C105DA2E}.Debug|Any CPU.ActiveCfg = Debug|Any CPU
		{0A502C74-3CBE-459B-B68B-5128C105DA2E}.Debug|Any CPU.Build.0 = Debug|Any CPU
		{0A502C74-3CBE-459B-B68B-5128C105DA2E}.Debug|Mixed Platforms.ActiveCfg = Debug|Any CPU
		{0A502C74-3CBE-459B-B68B-5128C105DA2E}.Debug|Mixed Platforms.Build.0 = Debug|Any CPU
		{0A502C74-3CBE-459B-B68B-5128C105DA2E}.Debug|x86.ActiveCfg = Debug|Any CPU
		{0A502C74-3CBE-459B-B68B-5128C105DA2E}.Deploy|Any CPU.ActiveCfg = Deploy|Any CPU
		{0A502C74-3CBE-459B-B68B-5128C105DA2E}.Deploy|Mixed Platforms.ActiveCfg = Deploy|Any CPU
		{0A502C74-3CBE-459B-B68B-5128C105DA2E}.Deploy|Mixed Platforms.Build.0 = Deploy|Any CPU
		{0A502C74-3CBE-459B-B68B-5128C105DA2E}.Deploy|x86.ActiveCfg = Deploy|Any CPU
		{0A502C74-3CBE-459B-B68B-5128C105DA2E}.Release|Any CPU.ActiveCfg = Release|Any CPU
		{0A502C74-3CBE-459B-B68B-5128C105DA2E}.Release|Any CPU.Build.0 = Release|Any CPU
		{0A502C74-3CBE-459B-B68B-5128C105DA2E}.Release|Mixed Platforms.ActiveCfg = Release|Any CPU
		{0A502C74-3CBE-459B-B68B-5128C105DA2E}.Release|Mixed Platforms.Build.0 = Release|Any CPU
		{0A502C74-3CBE-459B-B68B-5128C105DA2E}.Release|x86.ActiveCfg = Release|Any CPU
		{92F3649E-AF62-4EA8-A207-91A9B8A1182C}.Debug|Any CPU.ActiveCfg = Debug|Any CPU
		{92F3649E-AF62-4EA8-A207-91A9B8A1182C}.Debug|Any CPU.Build.0 = Debug|Any CPU
		{92F3649E-AF62-4EA8-A207-91A9B8A1182C}.Debug|Mixed Platforms.ActiveCfg = Debug|Any CPU
		{92F3649E-AF62-4EA8-A207-91A9B8A1182C}.Debug|Mixed Platforms.Build.0 = Debug|Any CPU
		{92F3649E-AF62-4EA8-A207-91A9B8A1182C}.Debug|x86.ActiveCfg = Debug|Any CPU
		{92F3649E-AF62-4EA8-A207-91A9B8A1182C}.Deploy|Any CPU.ActiveCfg = Deploy|Any CPU
		{92F3649E-AF62-4EA8-A207-91A9B8A1182C}.Deploy|Mixed Platforms.ActiveCfg = Deploy|Any CPU
		{92F3649E-AF62-4EA8-A207-91A9B8A1182C}.Deploy|Mixed Platforms.Build.0 = Deploy|Any CPU
		{92F3649E-AF62-4EA8-A207-91A9B8A1182C}.Deploy|x86.ActiveCfg = Deploy|Any CPU
		{92F3649E-AF62-4EA8-A207-91A9B8A1182C}.Release|Any CPU.ActiveCfg = Release|Any CPU
		{92F3649E-AF62-4EA8-A207-91A9B8A1182C}.Release|Any CPU.Build.0 = Release|Any CPU
		{92F3649E-AF62-4EA8-A207-91A9B8A1182C}.Release|Mixed Platforms.ActiveCfg = Release|Any CPU
		{92F3649E-AF62-4EA8-A207-91A9B8A1182C}.Release|Mixed Platforms.Build.0 = Release|Any CPU
		{92F3649E-AF62-4EA8-A207-91A9B8A1182C}.Release|x86.ActiveCfg = Release|Any CPU
		{20DB6AC1-9E2A-4C1D-96A4-15C513F83403}.Debug|Any CPU.ActiveCfg = Debug|Any CPU
		{20DB6AC1-9E2A-4C1D-96A4-15C513F83403}.Debug|Any CPU.Build.0 = Debug|Any CPU
		{20DB6AC1-9E2A-4C1D-96A4-15C513F83403}.Debug|Mixed Platforms.ActiveCfg = Debug|Any CPU
		{20DB6AC1-9E2A-4C1D-96A4-15C513F83403}.Debug|Mixed Platforms.Build.0 = Debug|Any CPU
		{20DB6AC1-9E2A-4C1D-96A4-15C513F83403}.Debug|x86.ActiveCfg = Debug|Any CPU
		{20DB6AC1-9E2A-4C1D-96A4-15C513F83403}.Deploy|Any CPU.ActiveCfg = Deploy|Any CPU
		{20DB6AC1-9E2A-4C1D-96A4-15C513F83403}.Deploy|Mixed Platforms.ActiveCfg = Deploy|Any CPU
		{20DB6AC1-9E2A-4C1D-96A4-15C513F83403}.Deploy|Mixed Platforms.Build.0 = Deploy|Any CPU
		{20DB6AC1-9E2A-4C1D-96A4-15C513F83403}.Deploy|x86.ActiveCfg = Deploy|Any CPU
		{20DB6AC1-9E2A-4C1D-96A4-15C513F83403}.Release|Any CPU.ActiveCfg = Release|Any CPU
		{20DB6AC1-9E2A-4C1D-96A4-15C513F83403}.Release|Any CPU.Build.0 = Release|Any CPU
		{20DB6AC1-9E2A-4C1D-96A4-15C513F83403}.Release|Mixed Platforms.ActiveCfg = Release|Any CPU
		{20DB6AC1-9E2A-4C1D-96A4-15C513F83403}.Release|Mixed Platforms.Build.0 = Release|Any CPU
		{20DB6AC1-9E2A-4C1D-96A4-15C513F83403}.Release|x86.ActiveCfg = Release|Any CPU
		{A92F42C7-8B80-4BFE-B68C-588EA91F5A63}.Debug|Any CPU.ActiveCfg = Debug|Any CPU
		{A92F42C7-8B80-4BFE-B68C-588EA91F5A63}.Debug|Any CPU.Build.0 = Debug|Any CPU
		{A92F42C7-8B80-4BFE-B68C-588EA91F5A63}.Debug|Mixed Platforms.ActiveCfg = Debug|Any CPU
		{A92F42C7-8B80-4BFE-B68C-588EA91F5A63}.Debug|Mixed Platforms.Build.0 = Debug|Any CPU
		{A92F42C7-8B80-4BFE-B68C-588EA91F5A63}.Debug|x86.ActiveCfg = Debug|Any CPU
		{A92F42C7-8B80-4BFE-B68C-588EA91F5A63}.Deploy|Any CPU.ActiveCfg = Deploy|Any CPU
		{A92F42C7-8B80-4BFE-B68C-588EA91F5A63}.Deploy|Any CPU.Build.0 = Deploy|Any CPU
		{A92F42C7-8B80-4BFE-B68C-588EA91F5A63}.Deploy|Mixed Platforms.ActiveCfg = Deploy|Any CPU
		{A92F42C7-8B80-4BFE-B68C-588EA91F5A63}.Deploy|Mixed Platforms.Build.0 = Deploy|Any CPU
		{A92F42C7-8B80-4BFE-B68C-588EA91F5A63}.Deploy|x86.ActiveCfg = Deploy|Any CPU
		{A92F42C7-8B80-4BFE-B68C-588EA91F5A63}.Release|Any CPU.ActiveCfg = Release|Any CPU
		{A92F42C7-8B80-4BFE-B68C-588EA91F5A63}.Release|Any CPU.Build.0 = Release|Any CPU
		{A92F42C7-8B80-4BFE-B68C-588EA91F5A63}.Release|Mixed Platforms.ActiveCfg = Release|Any CPU
		{A92F42C7-8B80-4BFE-B68C-588EA91F5A63}.Release|Mixed Platforms.Build.0 = Release|Any CPU
		{A92F42C7-8B80-4BFE-B68C-588EA91F5A63}.Release|x86.ActiveCfg = Release|Any CPU
		{670A5AC4-BE11-41B5-B991-A4AD52691086}.Debug|Any CPU.ActiveCfg = Debug|Any CPU
		{670A5AC4-BE11-41B5-B991-A4AD52691086}.Debug|Any CPU.Build.0 = Debug|Any CPU
		{670A5AC4-BE11-41B5-B991-A4AD52691086}.Debug|Mixed Platforms.ActiveCfg = Debug|Any CPU
		{670A5AC4-BE11-41B5-B991-A4AD52691086}.Debug|Mixed Platforms.Build.0 = Debug|Any CPU
		{670A5AC4-BE11-41B5-B991-A4AD52691086}.Debug|x86.ActiveCfg = Debug|Any CPU
		{670A5AC4-BE11-41B5-B991-A4AD52691086}.Deploy|Any CPU.ActiveCfg = Deploy|Any CPU
		{670A5AC4-BE11-41B5-B991-A4AD52691086}.Deploy|Mixed Platforms.ActiveCfg = Deploy|Any CPU
		{670A5AC4-BE11-41B5-B991-A4AD52691086}.Deploy|Mixed Platforms.Build.0 = Deploy|Any CPU
		{670A5AC4-BE11-41B5-B991-A4AD52691086}.Deploy|x86.ActiveCfg = Deploy|Any CPU
		{670A5AC4-BE11-41B5-B991-A4AD52691086}.Release|Any CPU.ActiveCfg = Release|Any CPU
		{670A5AC4-BE11-41B5-B991-A4AD52691086}.Release|Any CPU.Build.0 = Release|Any CPU
		{670A5AC4-BE11-41B5-B991-A4AD52691086}.Release|Mixed Platforms.ActiveCfg = Release|Any CPU
		{670A5AC4-BE11-41B5-B991-A4AD52691086}.Release|Mixed Platforms.Build.0 = Release|Any CPU
		{670A5AC4-BE11-41B5-B991-A4AD52691086}.Release|x86.ActiveCfg = Release|Any CPU
		{A3456D8D-49CA-4CEE-A212-22A0C9407A48}.Debug|Any CPU.ActiveCfg = Debug|Any CPU
		{A3456D8D-49CA-4CEE-A212-22A0C9407A48}.Debug|Any CPU.Build.0 = Debug|Any CPU
		{A3456D8D-49CA-4CEE-A212-22A0C9407A48}.Debug|Mixed Platforms.ActiveCfg = Debug|Any CPU
		{A3456D8D-49CA-4CEE-A212-22A0C9407A48}.Debug|Mixed Platforms.Build.0 = Debug|Any CPU
		{A3456D8D-49CA-4CEE-A212-22A0C9407A48}.Debug|x86.ActiveCfg = Debug|Any CPU
		{A3456D8D-49CA-4CEE-A212-22A0C9407A48}.Deploy|Any CPU.ActiveCfg = Deploy|Any CPU
		{A3456D8D-49CA-4CEE-A212-22A0C9407A48}.Deploy|Mixed Platforms.ActiveCfg = Deploy|Any CPU
		{A3456D8D-49CA-4CEE-A212-22A0C9407A48}.Deploy|Mixed Platforms.Build.0 = Deploy|Any CPU
		{A3456D8D-49CA-4CEE-A212-22A0C9407A48}.Deploy|x86.ActiveCfg = Deploy|Any CPU
		{A3456D8D-49CA-4CEE-A212-22A0C9407A48}.Release|Any CPU.ActiveCfg = Release|Any CPU
		{A3456D8D-49CA-4CEE-A212-22A0C9407A48}.Release|Any CPU.Build.0 = Release|Any CPU
		{A3456D8D-49CA-4CEE-A212-22A0C9407A48}.Release|Mixed Platforms.ActiveCfg = Release|Any CPU
		{A3456D8D-49CA-4CEE-A212-22A0C9407A48}.Release|Mixed Platforms.Build.0 = Release|Any CPU
		{A3456D8D-49CA-4CEE-A212-22A0C9407A48}.Release|x86.ActiveCfg = Release|Any CPU
		{9BBCA9F3-B715-451D-9D69-BA3C263CC7BF}.Debug|Any CPU.ActiveCfg = Debug|Any CPU
		{9BBCA9F3-B715-451D-9D69-BA3C263CC7BF}.Debug|Any CPU.Build.0 = Debug|Any CPU
		{9BBCA9F3-B715-451D-9D69-BA3C263CC7BF}.Debug|Mixed Platforms.ActiveCfg = Debug|Any CPU
		{9BBCA9F3-B715-451D-9D69-BA3C263CC7BF}.Debug|Mixed Platforms.Build.0 = Debug|Any CPU
		{9BBCA9F3-B715-451D-9D69-BA3C263CC7BF}.Debug|x86.ActiveCfg = Debug|Any CPU
		{9BBCA9F3-B715-451D-9D69-BA3C263CC7BF}.Deploy|Any CPU.ActiveCfg = Deploy|Any CPU
		{9BBCA9F3-B715-451D-9D69-BA3C263CC7BF}.Deploy|Any CPU.Build.0 = Deploy|Any CPU
		{9BBCA9F3-B715-451D-9D69-BA3C263CC7BF}.Deploy|Mixed Platforms.ActiveCfg = Deploy|Any CPU
		{9BBCA9F3-B715-451D-9D69-BA3C263CC7BF}.Deploy|Mixed Platforms.Build.0 = Deploy|Any CPU
		{9BBCA9F3-B715-451D-9D69-BA3C263CC7BF}.Deploy|x86.ActiveCfg = Deploy|Any CPU
		{9BBCA9F3-B715-451D-9D69-BA3C263CC7BF}.Release|Any CPU.ActiveCfg = Release|Any CPU
		{9BBCA9F3-B715-451D-9D69-BA3C263CC7BF}.Release|Any CPU.Build.0 = Release|Any CPU
		{9BBCA9F3-B715-451D-9D69-BA3C263CC7BF}.Release|Mixed Platforms.ActiveCfg = Release|Any CPU
		{9BBCA9F3-B715-451D-9D69-BA3C263CC7BF}.Release|Mixed Platforms.Build.0 = Release|Any CPU
		{9BBCA9F3-B715-451D-9D69-BA3C263CC7BF}.Release|x86.ActiveCfg = Release|Any CPU
		{6CFF1E92-4854-432C-B6EE-F27915F9A0CE}.Debug|Any CPU.ActiveCfg = Debug|Any CPU
		{6CFF1E92-4854-432C-B6EE-F27915F9A0CE}.Debug|Any CPU.Build.0 = Debug|Any CPU
		{6CFF1E92-4854-432C-B6EE-F27915F9A0CE}.Debug|Mixed Platforms.ActiveCfg = Debug|Any CPU
		{6CFF1E92-4854-432C-B6EE-F27915F9A0CE}.Debug|Mixed Platforms.Build.0 = Debug|Any CPU
		{6CFF1E92-4854-432C-B6EE-F27915F9A0CE}.Debug|x86.ActiveCfg = Debug|Any CPU
		{6CFF1E92-4854-432C-B6EE-F27915F9A0CE}.Deploy|Any CPU.ActiveCfg = Deploy|Any CPU
		{6CFF1E92-4854-432C-B6EE-F27915F9A0CE}.Deploy|Mixed Platforms.ActiveCfg = Deploy|Any CPU
		{6CFF1E92-4854-432C-B6EE-F27915F9A0CE}.Deploy|Mixed Platforms.Build.0 = Deploy|Any CPU
		{6CFF1E92-4854-432C-B6EE-F27915F9A0CE}.Deploy|x86.ActiveCfg = Deploy|Any CPU
		{6CFF1E92-4854-432C-B6EE-F27915F9A0CE}.Release|Any CPU.ActiveCfg = Release|Any CPU
		{6CFF1E92-4854-432C-B6EE-F27915F9A0CE}.Release|Any CPU.Build.0 = Release|Any CPU
		{6CFF1E92-4854-432C-B6EE-F27915F9A0CE}.Release|Mixed Platforms.ActiveCfg = Release|Any CPU
		{6CFF1E92-4854-432C-B6EE-F27915F9A0CE}.Release|Mixed Platforms.Build.0 = Release|Any CPU
		{6CFF1E92-4854-432C-B6EE-F27915F9A0CE}.Release|x86.ActiveCfg = Release|Any CPU
		{9FAA6EB5-1E52-4CE0-88AD-19481A7A8539}.Debug|Any CPU.ActiveCfg = Debug|Any CPU
		{9FAA6EB5-1E52-4CE0-88AD-19481A7A8539}.Debug|Any CPU.Build.0 = Debug|Any CPU
		{9FAA6EB5-1E52-4CE0-88AD-19481A7A8539}.Debug|Mixed Platforms.ActiveCfg = Debug|Any CPU
		{9FAA6EB5-1E52-4CE0-88AD-19481A7A8539}.Debug|Mixed Platforms.Build.0 = Debug|Any CPU
		{9FAA6EB5-1E52-4CE0-88AD-19481A7A8539}.Debug|x86.ActiveCfg = Debug|Any CPU
		{9FAA6EB5-1E52-4CE0-88AD-19481A7A8539}.Deploy|Any CPU.ActiveCfg = Deploy|Any CPU
		{9FAA6EB5-1E52-4CE0-88AD-19481A7A8539}.Deploy|Any CPU.Build.0 = Deploy|Any CPU
		{9FAA6EB5-1E52-4CE0-88AD-19481A7A8539}.Deploy|Mixed Platforms.ActiveCfg = Deploy|Any CPU
		{9FAA6EB5-1E52-4CE0-88AD-19481A7A8539}.Deploy|Mixed Platforms.Build.0 = Deploy|Any CPU
		{9FAA6EB5-1E52-4CE0-88AD-19481A7A8539}.Deploy|x86.ActiveCfg = Deploy|Any CPU
		{9FAA6EB5-1E52-4CE0-88AD-19481A7A8539}.Release|Any CPU.ActiveCfg = Release|Any CPU
		{9FAA6EB5-1E52-4CE0-88AD-19481A7A8539}.Release|Any CPU.Build.0 = Release|Any CPU
		{9FAA6EB5-1E52-4CE0-88AD-19481A7A8539}.Release|Mixed Platforms.ActiveCfg = Release|Any CPU
		{9FAA6EB5-1E52-4CE0-88AD-19481A7A8539}.Release|Mixed Platforms.Build.0 = Release|Any CPU
		{9FAA6EB5-1E52-4CE0-88AD-19481A7A8539}.Release|x86.ActiveCfg = Release|Any CPU
		{5099238D-837C-46E4-A0C8-87ED95374BD3}.Debug|Any CPU.ActiveCfg = Debug|Any CPU
		{5099238D-837C-46E4-A0C8-87ED95374BD3}.Debug|Any CPU.Build.0 = Debug|Any CPU
		{5099238D-837C-46E4-A0C8-87ED95374BD3}.Debug|Mixed Platforms.ActiveCfg = Debug|Any CPU
		{5099238D-837C-46E4-A0C8-87ED95374BD3}.Debug|Mixed Platforms.Build.0 = Debug|Any CPU
		{5099238D-837C-46E4-A0C8-87ED95374BD3}.Debug|x86.ActiveCfg = Debug|Any CPU
		{5099238D-837C-46E4-A0C8-87ED95374BD3}.Deploy|Any CPU.ActiveCfg = Deploy|Any CPU
		{5099238D-837C-46E4-A0C8-87ED95374BD3}.Deploy|Mixed Platforms.ActiveCfg = Deploy|Any CPU
		{5099238D-837C-46E4-A0C8-87ED95374BD3}.Deploy|Mixed Platforms.Build.0 = Deploy|Any CPU
		{5099238D-837C-46E4-A0C8-87ED95374BD3}.Deploy|x86.ActiveCfg = Deploy|Any CPU
		{5099238D-837C-46E4-A0C8-87ED95374BD3}.Release|Any CPU.ActiveCfg = Release|Any CPU
		{5099238D-837C-46E4-A0C8-87ED95374BD3}.Release|Any CPU.Build.0 = Release|Any CPU
		{5099238D-837C-46E4-A0C8-87ED95374BD3}.Release|Mixed Platforms.ActiveCfg = Release|Any CPU
		{5099238D-837C-46E4-A0C8-87ED95374BD3}.Release|Mixed Platforms.Build.0 = Release|Any CPU
		{5099238D-837C-46E4-A0C8-87ED95374BD3}.Release|x86.ActiveCfg = Release|Any CPU
		{977ED884-AA39-4B77-AF87-19366C10159B}.Debug|Any CPU.ActiveCfg = Debug|Any CPU
		{977ED884-AA39-4B77-AF87-19366C10159B}.Debug|Any CPU.Build.0 = Debug|Any CPU
		{977ED884-AA39-4B77-AF87-19366C10159B}.Debug|Mixed Platforms.ActiveCfg = Debug|Any CPU
		{977ED884-AA39-4B77-AF87-19366C10159B}.Debug|Mixed Platforms.Build.0 = Debug|Any CPU
		{977ED884-AA39-4B77-AF87-19366C10159B}.Debug|x86.ActiveCfg = Debug|Any CPU
		{977ED884-AA39-4B77-AF87-19366C10159B}.Deploy|Any CPU.ActiveCfg = Deploy|Any CPU
		{977ED884-AA39-4B77-AF87-19366C10159B}.Deploy|Mixed Platforms.ActiveCfg = Deploy|Any CPU
		{977ED884-AA39-4B77-AF87-19366C10159B}.Deploy|Mixed Platforms.Build.0 = Deploy|Any CPU
		{977ED884-AA39-4B77-AF87-19366C10159B}.Deploy|x86.ActiveCfg = Deploy|Any CPU
		{977ED884-AA39-4B77-AF87-19366C10159B}.Release|Any CPU.ActiveCfg = Release|Any CPU
		{977ED884-AA39-4B77-AF87-19366C10159B}.Release|Any CPU.Build.0 = Release|Any CPU
		{977ED884-AA39-4B77-AF87-19366C10159B}.Release|Mixed Platforms.ActiveCfg = Release|Any CPU
		{977ED884-AA39-4B77-AF87-19366C10159B}.Release|Mixed Platforms.Build.0 = Release|Any CPU
		{977ED884-AA39-4B77-AF87-19366C10159B}.Release|x86.ActiveCfg = Release|Any CPU
		{F25E4FDF-B387-411E-9799-F1435282F9F6}.Debug|Any CPU.ActiveCfg = Debug|Any CPU
		{F25E4FDF-B387-411E-9799-F1435282F9F6}.Debug|Any CPU.Build.0 = Debug|Any CPU
		{F25E4FDF-B387-411E-9799-F1435282F9F6}.Debug|Mixed Platforms.ActiveCfg = Debug|Any CPU
		{F25E4FDF-B387-411E-9799-F1435282F9F6}.Debug|Mixed Platforms.Build.0 = Debug|Any CPU
		{F25E4FDF-B387-411E-9799-F1435282F9F6}.Debug|x86.ActiveCfg = Debug|Any CPU
		{F25E4FDF-B387-411E-9799-F1435282F9F6}.Deploy|Any CPU.ActiveCfg = Deploy|Any CPU
		{F25E4FDF-B387-411E-9799-F1435282F9F6}.Deploy|Mixed Platforms.ActiveCfg = Deploy|Any CPU
		{F25E4FDF-B387-411E-9799-F1435282F9F6}.Deploy|Mixed Platforms.Build.0 = Deploy|Any CPU
		{F25E4FDF-B387-411E-9799-F1435282F9F6}.Deploy|x86.ActiveCfg = Deploy|Any CPU
		{F25E4FDF-B387-411E-9799-F1435282F9F6}.Release|Any CPU.ActiveCfg = Release|Any CPU
		{F25E4FDF-B387-411E-9799-F1435282F9F6}.Release|Any CPU.Build.0 = Release|Any CPU
		{F25E4FDF-B387-411E-9799-F1435282F9F6}.Release|Mixed Platforms.ActiveCfg = Release|Any CPU
		{F25E4FDF-B387-411E-9799-F1435282F9F6}.Release|Mixed Platforms.Build.0 = Release|Any CPU
		{F25E4FDF-B387-411E-9799-F1435282F9F6}.Release|x86.ActiveCfg = Release|Any CPU
		{BDFE54C5-EE45-48AB-B99C-0C6189481D99}.Debug|Any CPU.ActiveCfg = Debug|x86
		{BDFE54C5-EE45-48AB-B99C-0C6189481D99}.Debug|Mixed Platforms.ActiveCfg = Debug|x86
		{BDFE54C5-EE45-48AB-B99C-0C6189481D99}.Debug|Mixed Platforms.Build.0 = Debug|x86
		{BDFE54C5-EE45-48AB-B99C-0C6189481D99}.Debug|x86.ActiveCfg = Debug|x86
		{BDFE54C5-EE45-48AB-B99C-0C6189481D99}.Debug|x86.Build.0 = Debug|x86
		{BDFE54C5-EE45-48AB-B99C-0C6189481D99}.Deploy|Any CPU.ActiveCfg = Deploy|x86
		{BDFE54C5-EE45-48AB-B99C-0C6189481D99}.Deploy|Any CPU.Build.0 = Deploy|x86
		{BDFE54C5-EE45-48AB-B99C-0C6189481D99}.Deploy|Mixed Platforms.ActiveCfg = Deploy|x86
		{BDFE54C5-EE45-48AB-B99C-0C6189481D99}.Deploy|Mixed Platforms.Build.0 = Deploy|x86
		{BDFE54C5-EE45-48AB-B99C-0C6189481D99}.Deploy|x86.ActiveCfg = Deploy|x86
		{BDFE54C5-EE45-48AB-B99C-0C6189481D99}.Deploy|x86.Build.0 = Deploy|x86
		{BDFE54C5-EE45-48AB-B99C-0C6189481D99}.Release|Any CPU.ActiveCfg = Release|x86
		{BDFE54C5-EE45-48AB-B99C-0C6189481D99}.Release|Mixed Platforms.ActiveCfg = Release|x86
		{BDFE54C5-EE45-48AB-B99C-0C6189481D99}.Release|Mixed Platforms.Build.0 = Release|x86
		{BDFE54C5-EE45-48AB-B99C-0C6189481D99}.Release|x86.ActiveCfg = Release|x86
		{BDFE54C5-EE45-48AB-B99C-0C6189481D99}.Release|x86.Build.0 = Release|x86
		{48674699-4914-4659-9FA6-FE3CDABDC64C}.Debug|Any CPU.ActiveCfg = Debug|Any CPU
		{48674699-4914-4659-9FA6-FE3CDABDC64C}.Debug|Any CPU.Build.0 = Debug|Any CPU
		{48674699-4914-4659-9FA6-FE3CDABDC64C}.Debug|Mixed Platforms.ActiveCfg = Debug|Any CPU
		{48674699-4914-4659-9FA6-FE3CDABDC64C}.Debug|Mixed Platforms.Build.0 = Debug|Any CPU
		{48674699-4914-4659-9FA6-FE3CDABDC64C}.Debug|x86.ActiveCfg = Debug|Any CPU
		{48674699-4914-4659-9FA6-FE3CDABDC64C}.Deploy|Any CPU.ActiveCfg = Deploy|Any CPU
		{48674699-4914-4659-9FA6-FE3CDABDC64C}.Deploy|Any CPU.Build.0 = Deploy|Any CPU
		{48674699-4914-4659-9FA6-FE3CDABDC64C}.Deploy|Mixed Platforms.ActiveCfg = Deploy|Any CPU
		{48674699-4914-4659-9FA6-FE3CDABDC64C}.Deploy|Mixed Platforms.Build.0 = Deploy|Any CPU
		{48674699-4914-4659-9FA6-FE3CDABDC64C}.Deploy|x86.ActiveCfg = Debug|Any CPU
		{48674699-4914-4659-9FA6-FE3CDABDC64C}.Release|Any CPU.ActiveCfg = Release|Any CPU
		{48674699-4914-4659-9FA6-FE3CDABDC64C}.Release|Any CPU.Build.0 = Release|Any CPU
		{48674699-4914-4659-9FA6-FE3CDABDC64C}.Release|Mixed Platforms.ActiveCfg = Release|Any CPU
		{48674699-4914-4659-9FA6-FE3CDABDC64C}.Release|Mixed Platforms.Build.0 = Release|Any CPU
		{48674699-4914-4659-9FA6-FE3CDABDC64C}.Release|x86.ActiveCfg = Release|Any CPU
	EndGlobalSection
	GlobalSection(SolutionProperties) = preSolution
		HideSolutionNode = FALSE
	EndGlobalSection
	GlobalSection(NestedProjects) = preSolution
		{578CAC5A-6EFC-453C-9370-E183BF4192BE} = {F1FFA788-C95D-4C12-8724-A8DAA26BFA9B}
		{A67FE59C-4C8B-46F2-8A2C-E013C002626E} = {F1FFA788-C95D-4C12-8724-A8DAA26BFA9B}
		{AD7BEDCB-9E94-41AA-A58E-42568EC0B8C4} = {F1FFA788-C95D-4C12-8724-A8DAA26BFA9B}
		{553DFBC1-5C1F-41F7-B5A5-E621037D65AA} = {886D7E84-4ADC-4DD4-A901-917579208E66}
		{E2CC745B-9BA8-4F15-98B1-0D0CCC462152} = {886D7E84-4ADC-4DD4-A901-917579208E66}
		{A92F42C7-8B80-4BFE-B68C-588EA91F5A63} = {886D7E84-4ADC-4DD4-A901-917579208E66}
		{9BBCA9F3-B715-451D-9D69-BA3C263CC7BF} = {886D7E84-4ADC-4DD4-A901-917579208E66}
		{9FAA6EB5-1E52-4CE0-88AD-19481A7A8539} = {886D7E84-4ADC-4DD4-A901-917579208E66}
		{518D9BBD-FA5A-4DFE-8B59-08B52B51A534} = {6D46D0CC-ADF5-4362-A232-21D14A1E19CA}
		{0A502C74-3CBE-459B-B68B-5128C105DA2E} = {6D46D0CC-ADF5-4362-A232-21D14A1E19CA}
		{670A5AC4-BE11-41B5-B991-A4AD52691086} = {6D46D0CC-ADF5-4362-A232-21D14A1E19CA}
		{5099238D-837C-46E4-A0C8-87ED95374BD3} = {6D46D0CC-ADF5-4362-A232-21D14A1E19CA}
		{5E2DF19E-8619-4BAB-A5A0-41D014B4BAE3} = {0B5D1F6C-5E5B-46B4-81D0-8D3478310D05}
		{92F3649E-AF62-4EA8-A207-91A9B8A1182C} = {0B5D1F6C-5E5B-46B4-81D0-8D3478310D05}
		{6CFF1E92-4854-432C-B6EE-F27915F9A0CE} = {0B5D1F6C-5E5B-46B4-81D0-8D3478310D05}
		{977ED884-AA39-4B77-AF87-19366C10159B} = {0B5D1F6C-5E5B-46B4-81D0-8D3478310D05}
		{F25E4FDF-B387-411E-9799-F1435282F9F6} = {0B5D1F6C-5E5B-46B4-81D0-8D3478310D05}
		{F854FBD7-7727-4E29-B484-E8559F1C4702} = {C9C0914A-3D91-46D9-BF6E-AB3DDF4B80E8}
		{CC92798E-9B8A-457C-A24D-531478665865} = {313B6593-1886-4CEF-A737-7D39AD043ACB}
		{20DB6AC1-9E2A-4C1D-96A4-15C513F83403} = {313B6593-1886-4CEF-A737-7D39AD043ACB}
		{A3456D8D-49CA-4CEE-A212-22A0C9407A48} = {313B6593-1886-4CEF-A737-7D39AD043ACB}
		{C804BEB5-0958-4C45-83BA-14396BF216F9} = {A67FE59C-4C8B-46F2-8A2C-E013C002626E}
		{B5AD0307-C8B5-4F53-8483-E6E03C97A5F8} = {A67FE59C-4C8B-46F2-8A2C-E013C002626E}
		{BDFE54C5-EE45-48AB-B99C-0C6189481D99} = {8E94EC7A-1FB0-4655-9128-805E2D24C568}
		{48674699-4914-4659-9FA6-FE3CDABDC64C} = {8E94EC7A-1FB0-4655-9128-805E2D24C568}
		{48877D90-50DA-4433-B377-BF449D14AE54} = {AD7BEDCB-9E94-41AA-A58E-42568EC0B8C4}
	EndGlobalSection
EndGlobal
